PODS:
  - current_locale (0.0.1):
    - Flutter
  - Flutter (1.0.0)

DEPENDENCIES:
  - current_locale (from `.symlinks/plugins/current_locale/ios`)
  - Flutter (from `Flutter`)

EXTERNAL SOURCES:
  current_locale:
    :path: ".symlinks/plugins/current_locale/ios"
  Flutter:
    :path: Flutter

SPEC CHECKSUMS:
  current_locale: 65cd0e99deeee30dff45128fc2ae1e43c666e88d
  Flutter: e0871f40cf51350855a761d2e70bf5af5b9b5de7

PODFILE CHECKSUM: c4c93c5f6502fe2754f48404d3594bf779584011

COCOAPODS: 1.15.2
